
Microsoft Visual Studio Solution File, Format Version 12.00
# Visual Studio 15
VisualStudioVersion = 15.0.28307.572
MinimumVisualStudioVersion = 10.0.40219.1
Project("{FAE04EC0-301F-11D3-BF4B-00C04F79EFBC}") = "Proyecto", "Proyecto\Proyecto.csproj", "{B6FB923C-3B1B-440D-9743-C4CA8EC8AD49}"
EndProject
Global
	GlobalSection(SolutionConfigurationPlatforms) = preSolution
		Debug|Any CPU = Debug|Any CPU
		Release|Any CPU = Release|Any CPU
	EndGlobalSection
	GlobalSection(ProjectConfigurationPlatforms) = postSolution
		{B6FB923C-3B1B-440D-9743-C4CA8EC8AD49}.Debug|Any CPU.ActiveCfg = Debug|Any CPU
		{B6FB923C-3B1B-440D-9743-C4CA8EC8AD49}.Debug|Any CPU.Build.0 = Debug|Any CPU
		{B6FB923C-3B1B-440D-9743-C4CA8EC8AD49}.Release|Any CPU.ActiveCfg = Release|Any CPU
		{B6FB923C-3B1B-440D-9743-C4CA8EC8AD49}.Release|Any CPU.Build.0 = Release|Any CPU
	EndGlobalSection
	GlobalSection(SolutionProperties) = preSolution
		HideSolutionNode = FALSE
	EndGlobalSection
	GlobalSection(ExtensibilityGlobals) = postSolution
		SolutionGuid = {DC39287C-DB6C-42EF-AAD3-0DD29933E0D7}
	EndGlobalSection
EndGlobal
